// !$*UTF8*$!
{
	archiveVersion = 1;
	classes = {
	};
	objectVersion = 46;
	objects = {

/* Begin PBXBuildFile section */
		174775881CC7ED1E00A1F6D7 /* AppDelegate.swift in Sources */ = {isa = PBXBuildFile; fileRef = 174775871CC7ED1E00A1F6D7 /* AppDelegate.swift */; };
		1747758D1CC7ED1E00A1F6D7 /* Main.storyboard in Resources */ = {isa = PBXBuildFile; fileRef = 1747758B1CC7ED1E00A1F6D7 /* Main.storyboard */; };
		1747758F1CC7ED1E00A1F6D7 /* Assets.xcassets in Resources */ = {isa = PBXBuildFile; fileRef = 1747758E1CC7ED1E00A1F6D7 /* Assets.xcassets */; };
		174775921CC7ED1E00A1F6D7 /* LaunchScreen.storyboard in Resources */ = {isa = PBXBuildFile; fileRef = 174775901CC7ED1E00A1F6D7 /* LaunchScreen.storyboard */; };
		1747759C1CC7EDEA00A1F6D7 /* MainVC.swift in Sources */ = {isa = PBXBuildFile; fileRef = 1747759B1CC7EDEA00A1F6D7 /* MainVC.swift */; };
		1747759E1CC84B2B00A1F6D7 /* Dice_Shake_Multiple_short2.wav in Resources */ = {isa = PBXBuildFile; fileRef = 1747759D1CC84B2B00A1F6D7 /* Dice_Shake_Multiple_short2.wav */; };
		BC33E5761CC801A100D6CA5A /* LaunchScreenVC.swift in Sources */ = {isa = PBXBuildFile; fileRef = BC33E5751CC801A100D6CA5A /* LaunchScreenVC.swift */; };
		BC33E5781CC805DC00D6CA5A /* splash-screen.png in Resources */ = {isa = PBXBuildFile; fileRef = BC33E5771CC805DC00D6CA5A /* splash-screen.png */; };
		BC33E57A1CC80D2500D6CA5A /* Splash Screen.png in Resources */ = {isa = PBXBuildFile; fileRef = BC33E5791CC80D2500D6CA5A /* Splash Screen.png */; };
		BC33E5A21CC9475F00D6CA5A /* Hearts Filled-50.png in Resources */ = {isa = PBXBuildFile; fileRef = BC33E5A01CC9475F00D6CA5A /* Hearts Filled-50.png */; };
		BC33E5A31CC9475F00D6CA5A /* Hearts-50.png in Resources */ = {isa = PBXBuildFile; fileRef = BC33E5A11CC9475F00D6CA5A /* Hearts-50.png */; };
/* End PBXBuildFile section */

/* Begin PBXFileReference section */
		174775841CC7ED1E00A1F6D7 /* HealthShake.app */ = {isa = PBXFileReference; explicitFileType = wrapper.application; includeInIndex = 0; path = HealthShake.app; sourceTree = BUILT_PRODUCTS_DIR; };
		174775871CC7ED1E00A1F6D7 /* AppDelegate.swift */ = {isa = PBXFileReference; lastKnownFileType = sourcecode.swift; path = AppDelegate.swift; sourceTree = "<group>"; };
		1747758C1CC7ED1E00A1F6D7 /* Base */ = {isa = PBXFileReference; lastKnownFileType = file.storyboard; name = Base; path = Base.lproj/Main.storyboard; sourceTree = "<group>"; };
		1747758E1CC7ED1E00A1F6D7 /* Assets.xcassets */ = {isa = PBXFileReference; lastKnownFileType = folder.assetcatalog; path = Assets.xcassets; sourceTree = "<group>"; };
		174775911CC7ED1E00A1F6D7 /* Base */ = {isa = PBXFileReference; lastKnownFileType = file.storyboard; name = Base; path = Base.lproj/LaunchScreen.storyboard; sourceTree = "<group>"; };
		174775931CC7ED1E00A1F6D7 /* Info.plist */ = {isa = PBXFileReference; lastKnownFileType = text.plist.xml; path = Info.plist; sourceTree = "<group>"; };
		1747759B1CC7EDEA00A1F6D7 /* MainVC.swift */ = {isa = PBXFileReference; fileEncoding = 4; lastKnownFileType = sourcecode.swift; path = MainVC.swift; sourceTree = "<group>"; };
		1747759D1CC84B2B00A1F6D7 /* Dice_Shake_Multiple_short2.wav */ = {isa = PBXFileReference; lastKnownFileType = audio.wav; path = Dice_Shake_Multiple_short2.wav; sourceTree = "<group>"; };
		BC33E5751CC801A100D6CA5A /* LaunchScreenVC.swift */ = {isa = PBXFileReference; fileEncoding = 4; lastKnownFileType = sourcecode.swift; path = LaunchScreenVC.swift; sourceTree = "<group>"; };
		BC33E5771CC805DC00D6CA5A /* splash-screen.png */ = {isa = PBXFileReference; lastKnownFileType = image.png; path = "splash-screen.png"; sourceTree = "<group>"; };
		BC33E5791CC80D2500D6CA5A /* Splash Screen.png */ = {isa = PBXFileReference; lastKnownFileType = image.png; path = "Splash Screen.png"; sourceTree = "<group>"; };
		BC33E5A01CC9475F00D6CA5A /* Hearts Filled-50.png */ = {isa = PBXFileReference; lastKnownFileType = image.png; path = "Hearts Filled-50.png"; sourceTree = "<group>"; };
		BC33E5A11CC9475F00D6CA5A /* Hearts-50.png */ = {isa = PBXFileReference; lastKnownFileType = image.png; path = "Hearts-50.png"; sourceTree = "<group>"; };
/* End PBXFileReference section */

/* Begin PBXFrameworksBuildPhase section */
		174775811CC7ED1E00A1F6D7 /* Frameworks */ = {
			isa = PBXFrameworksBuildPhase;
			buildActionMask = 2147483647;
			files = (
			);
			runOnlyForDeploymentPostprocessing = 0;
		};
/* End PBXFrameworksBuildPhase section */

/* Begin PBXGroup section */
		1747757B1CC7ED1E00A1F6D7 = {
			isa = PBXGroup;
			children = (
				174775861CC7ED1E00A1F6D7 /* HealthShake */,
				174775851CC7ED1E00A1F6D7 /* Products */,
			);
			sourceTree = "<group>";
		};
		174775851CC7ED1E00A1F6D7 /* Products */ = {
			isa = PBXGroup;
			children = (
				174775841CC7ED1E00A1F6D7 /* HealthShake.app */,
			);
			name = Products;
			sourceTree = "<group>";
		};
		174775861CC7ED1E00A1F6D7 /* HealthShake */ = {
			isa = PBXGroup;
			children = (
				174775871CC7ED1E00A1F6D7 /* AppDelegate.swift */,
				1747758B1CC7ED1E00A1F6D7 /* Main.storyboard */,
				1747758E1CC7ED1E00A1F6D7 /* Assets.xcassets */,
				BC33E5A01CC9475F00D6CA5A /* Hearts Filled-50.png */,
				BC33E5A11CC9475F00D6CA5A /* Hearts-50.png */,
				BC33E5791CC80D2500D6CA5A /* Splash Screen.png */,
				BC33E5771CC805DC00D6CA5A /* splash-screen.png */,
				174775901CC7ED1E00A1F6D7 /* LaunchScreen.storyboard */,
				174775931CC7ED1E00A1F6D7 /* Info.plist */,
				1747759B1CC7EDEA00A1F6D7 /* MainVC.swift */,
				BC33E5751CC801A100D6CA5A /* LaunchScreenVC.swift */,
				1747759D1CC84B2B00A1F6D7 /* Dice_Shake_Multiple_short2.wav */,
			);
			path = HealthShake;
			sourceTree = "<group>";
		};
/* End PBXGroup section */

/* Begin PBXNativeTarget section */
		174775831CC7ED1E00A1F6D7 /* HealthShake */ = {
			isa = PBXNativeTarget;
			buildConfigurationList = 174775961CC7ED1E00A1F6D7 /* Build configuration list for PBXNativeTarget "HealthShake" */;
			buildPhases = (
				174775801CC7ED1E00A1F6D7 /* Sources */,
				174775811CC7ED1E00A1F6D7 /* Frameworks */,
				174775821CC7ED1E00A1F6D7 /* Resources */,
			);
			buildRules = (
			);
			dependencies = (
			);
			name = HealthShake;
			productName = HealthShake;
			productReference = 174775841CC7ED1E00A1F6D7 /* HealthShake.app */;
			productType = "com.apple.product-type.application";
		};
/* End PBXNativeTarget section */

/* Begin PBXProject section */
		1747757C1CC7ED1E00A1F6D7 /* Project object */ = {
			isa = PBXProject;
			attributes = {
				LastSwiftUpdateCheck = 0730;
				LastUpgradeCheck = 0730;
				ORGANIZATIONNAME = Healthline.com;
				TargetAttributes = {
					174775831CC7ED1E00A1F6D7 = {
						CreatedOnToolsVersion = 7.3;
						DevelopmentTeam = X32GR6T3C4;
					};
				};
			};
			buildConfigurationList = 1747757F1CC7ED1E00A1F6D7 /* Build configuration list for PBXProject "HealthShake" */;
			compatibilityVersion = "Xcode 3.2";
			developmentRegion = English;
			hasScannedForEncodings = 0;
			knownRegions = (
				en,
				Base,
			);
			mainGroup = 1747757B1CC7ED1E00A1F6D7;
			productRefGroup = 174775851CC7ED1E00A1F6D7 /* Products */;
			projectDirPath = "";
			projectRoot = "";
			targets = (
				174775831CC7ED1E00A1F6D7 /* HealthShake */,
			);
		};
/* End PBXProject section */

/* Begin PBXResourcesBuildPhase section */
		174775821CC7ED1E00A1F6D7 /* Resources */ = {
			isa = PBXResourcesBuildPhase;
			buildActionMask = 2147483647;
			files = (
				BC33E57A1CC80D2500D6CA5A /* Splash Screen.png in Resources */,
				174775921CC7ED1E00A1F6D7 /* LaunchScreen.storyboard in Resources */,
				BC33E5A31CC9475F00D6CA5A /* Hearts-50.png in Resources */,
				1747758F1CC7ED1E00A1F6D7 /* Assets.xcassets in Resources */,
				1747758D1CC7ED1E00A1F6D7 /* Main.storyboard in Resources */,
				BC33E5A21CC9475F00D6CA5A /* Hearts Filled-50.png in Resources */,
				BC33E5781CC805DC00D6CA5A /* splash-screen.png in Resources */,
			);
			runOnlyForDeploymentPostprocessing = 0;
		};
/* End PBXResourcesBuildPhase section */

/* Begin PBXSourcesBuildPhase section */
		174775801CC7ED1E00A1F6D7 /* Sources */ = {
			isa = PBXSourcesBuildPhase;
			buildActionMask = 2147483647;
			files = (
				174775881CC7ED1E00A1F6D7 /* AppDelegate.swift in Sources */,
				BC33E5761CC801A100D6CA5A /* LaunchScreenVC.swift in Sources */,
				1747759C1CC7EDEA00A1F6D7 /* MainVC.swift in Sources */,
			);
			runOnlyForDeploymentPostprocessing = 0;
		};
/* End PBXSourcesBuildPhase section */

/* Begin PBXVariantGroup section */
		1747758B1CC7ED1E00A1F6D7 /* Main.storyboard */ = {
			isa = PBXVariantGroup;
			children = (
				1747758C1CC7ED1E00A1F6D7 /* Base */,
			);
			name = Main.storyboard;
			sourceTree = "<group>";
		};
		174775901CC7ED1E00A1F6D7 /* LaunchScreen.storyboard */ = {
			isa = PBXVariantGroup;
			children = (
				174775911CC7ED1E00A1F6D7 /* Base */,
			);
			name = LaunchScreen.storyboard;
			sourceTree = "<group>";
		};
/* End PBXVariantGroup section */

/* Begin XCBuildConfiguration section */
		174775941CC7ED1E00A1F6D7 /* Debug */ = {
			isa = XCBuildConfiguration;
			buildSettings = {
				ALWAYS_SEARCH_USER_PATHS = NO;
				CLANG_ANALYZER_NONNULL = YES;
				CLANG_CXX_LANGUAGE_STANDARD = "gnu++0x";
				CLANG_CXX_LIBRARY = "libc++";
				CLANG_ENABLE_MODULES = YES;
				CLANG_ENABLE_OBJC_ARC = YES;
				CLANG_WARN_BOOL_CONVERSION = YES;
				CLANG_WARN_CONSTANT_CONVERSION = YES;
				CLANG_WARN_DIRECT_OBJC_ISA_USAGE = YES_ERROR;
				CLANG_WARN_EMPTY_BODY = YES;
				CLANG_WARN_ENUM_CONVERSION = YES;
				CLANG_WARN_INT_CONVERSION = YES;
				CLANG_WARN_OBJC_ROOT_CLASS = YES_ERROR;
				CLANG_WARN_UNREACHABLE_CODE = YES;
				CLANG_WARN__DUPLICATE_METHOD_MATCH = YES;
				"CODE_SIGN_IDENTITY[sdk=iphoneos*]" = "iPhone Developer";
				COPY_PHASE_STRIP = NO;
				DEBUG_INFORMATION_FORMAT = dwarf;
				ENABLE_STRICT_OBJC_MSGSEND = YES;
				ENABLE_TESTABILITY = YES;
				GCC_C_LANGUAGE_STANDARD = gnu99;
				GCC_DYNAMIC_NO_PIC = NO;
				GCC_NO_COMMON_BLOCKS = YES;
				GCC_OPTIMIZATION_LEVEL = 0;
				GCC_PREPROCESSOR_DEFINITIONS = (
					"DEBUG=1",
					"$(inherited)",
				);
				GCC_WARN_64_TO_32_BIT_CONVERSION = YES;
				GCC_WARN_ABOUT_RETURN_TYPE = YES_ERROR;
				GCC_WARN_UNDECLARED_SELECTOR = YES;
				GCC_WARN_UNINITIALIZED_AUTOS = YES_AGGRESSIVE;
				GCC_WARN_UNUSED_FUNCTION = YES;
				GCC_WARN_UNUSED_VARIABLE = YES;
				IPHONEOS_DEPLOYMENT_TARGET = 9.3;
				MTL_ENABLE_DEBUG_INFO = YES;
				ONLY_ACTIVE_ARCH = YES;
				SDKROOT = iphoneos;
				SWIFT_OPTIMIZATION_LEVEL = "-Onone";
				TARGETED_DEVICE_FAMILY = "1,2";
			};
			name = Debug;
		};
		174775951CC7ED1E00A1F6D7 /* Release */ = {
			isa = XCBuildConfiguration;
			buildSettings = {
				ALWAYS_SEARCH_USER_PATHS = NO;
				CLANG_ANALYZER_NONNULL = YES;
				CLANG_CXX_LANGUAGE_STANDARD = "gnu++0x";
				CLANG_CXX_LIBRARY = "libc++";
				CLANG_ENABLE_MODULES = YES;
				CLANG_ENABLE_OBJC_ARC = YES;
				CLANG_WARN_BOOL_CONVERSION = YES;
				CLANG_WARN_CONSTANT_CONVERSION = YES;
				CLANG_WARN_DIRECT_OBJC_ISA_USAGE = YES_ERROR;
				CLANG_WARN_EMPTY_BODY = YES;
				CLANG_WARN_ENUM_CONVERSION = YES;
				CLANG_WARN_INT_CONVERSION = YES;
				CLANG_WARN_OBJC_ROOT_CLASS = YES_ERROR;
				CLANG_WARN_UNREACHABLE_CODE = YES;
				CLANG_WARN__DUPLICATE_METHOD_MATCH = YES;
				"CODE_SIGN_IDENTITY[sdk=iphoneos*]" = "iPhone Developer";
				COPY_PHASE_STRIP = NO;
				DEBUG_INFORMATION_FORMAT = "dwarf-with-dsym";
				ENABLE_NS_ASSERTIONS = NO;
				ENABLE_STRICT_OBJC_MSGSEND = YES;
				GCC_C_LANGUAGE_STANDARD = gnu99;
				GCC_NO_COMMON_BLOCKS = YES;
				GCC_WARN_64_TO_32_BIT_CONVERSION = YES;
				GCC_WARN_ABOUT_RETURN_TYPE = YES_ERROR;
				GCC_WARN_UNDECLARED_SELECTOR = YES;
				GCC_WARN_UNINITIALIZED_AUTOS = YES_AGGRESSIVE;
				GCC_WARN_UNUSED_FUNCTION = YES;
				GCC_WARN_UNUSED_VARIABLE = YES;
				IPHONEOS_DEPLOYMENT_TARGET = 9.3;
				MTL_ENABLE_DEBUG_INFO = NO;
				SDKROOT = iphoneos;
				TARGETED_DEVICE_FAMILY = "1,2";
				VALIDATE_PRODUCT = YES;
			};
			name = Release;
		};
		174775971CC7ED1E00A1F6D7 /* Debug */ = {
			isa = XCBuildConfiguration;
			buildSettings = {
				ASSETCATALOG_COMPILER_APPICON_NAME = AppIcon;
				CODE_SIGN_IDENTITY = "iPhone Developer";
				"CODE_SIGN_IDENTITY[sdk=iphoneos*]" = "iPhone Developer";
				INFOPLIST_FILE = HealthShake/Info.plist;
				IPHONEOS_DEPLOYMENT_TARGET = 9.2;
				LD_RUNPATH_SEARCH_PATHS = "$(inherited) @executable_path/Frameworks";
				PRODUCT_BUNDLE_IDENTIFIER = com.healthline.HealthShake;
				PRODUCT_NAME = "$(TARGET_NAME)";
				PROVISIONING_PROFILE = "";
			};
			name = Debug;
		};
		174775981CC7ED1E00A1F6D7 /* Release */ = {
			isa = XCBuildConfiguration;
			buildSettings = {
				ASSETCATALOG_COMPILER_APPICON_NAME = AppIcon;
				CODE_SIGN_IDENTITY = "iPhone Developer";
				"CODE_SIGN_IDENTITY[sdk=iphoneos*]" = "iPhone Developer";
				INFOPLIST_FILE = HealthShake/Info.plist;
				IPHONEOS_DEPLOYMENT_TARGET = 9.2;
				LD_RUNPATH_SEARCH_PATHS = "$(inherited) @executable_path/Frameworks";
				PRODUCT_BUNDLE_IDENTIFIER = com.healthline.HealthShake;
				PRODUCT_NAME = "$(TARGET_NAME)";
				PROVISIONING_PROFILE = "";
			};
			name = Release;
		};
/* End XCBuildConfiguration section */

/* Begin XCConfigurationList section */
		1747757F1CC7ED1E00A1F6D7 /* Build configuration list for PBXProject "HealthShake" */ = {
			isa = XCConfigurationList;
			buildConfigurations = (
				174775941CC7ED1E00A1F6D7 /* Debug */,
				174775951CC7ED1E00A1F6D7 /* Release */,
			);
			defaultConfigurationIsVisible = 0;
			defaultConfigurationName = Release;
		};
		174775961CC7ED1E00A1F6D7 /* Build configuration list for PBXNativeTarget "HealthShake" */ = {
			isa = XCConfigurationList;
			buildConfigurations = (
				174775971CC7ED1E00A1F6D7 /* Debug */,
				174775981CC7ED1E00A1F6D7 /* Release */,
			);
			defaultConfigurationIsVisible = 0;
			defaultConfigurationName = Release;
		};
/* End XCConfigurationList section */
	};
	rootObject = 1747757C1CC7ED1E00A1F6D7 /* Project object */;
}
